
Microsoft Visual Studio Solution File, Format Version 12.00
# Visual Studio Version 17
VisualStudioVersion = 17.9.34728.123
MinimumVisualStudioVersion = 10.0.40219.1
Project("{FAE04EC0-301F-11D3-BF4B-00C04F79EFBC}") = "WebApplication1", "WebApplication1\WebApplication1.csproj", "{661B78B1-80E8-409A-944F-D633CBF0D482}"
EndProject
Global
	GlobalSection(SolutionConfigurationPlatforms) = preSolution
		Debug|Any CPU = Debug|Any CPU
		Release|Any CPU = Release|Any CPU
	EndGlobalSection
	GlobalSection(ProjectConfigurationPlatforms) = postSolution
		{661B78B1-80E8-409A-944F-D633CBF0D482}.Debug|Any CPU.ActiveCfg = Debug|Any CPU
		{661B78B1-80E8-409A-944F-D633CBF0D482}.Debug|Any CPU.Build.0 = Debug|Any CPU
		{661B78B1-80E8-409A-944F-D633CBF0D482}.Release|Any CPU.ActiveCfg = Release|Any CPU
		{661B78B1-80E8-409A-944F-D633CBF0D482}.Release|Any CPU.Build.0 = Release|Any CPU
	EndGlobalSection
	GlobalSection(SolutionProperties) = preSolution
		HideSolutionNode = FALSE
	EndGlobalSection
	GlobalSection(ExtensibilityGlobals) = postSolution
		SolutionGuid = {1B589091-45B7-45E6-80C6-6CDC9891EB8E}
	EndGlobalSection
EndGlobal
